{
  "object": {
    "pins": [
      {
        "package": "FBAudienceNetwork",
        "repositoryURL": "https://github.com/facebook/FBAudienceNetwork.git",
        "state": {
          "branch": null,
          "revision": "0b7bd807fff993055838e6d6a410eddf590c09ac",
          "version": "6.21.1"
        }
      },
      {
        "package": "MintegralAdSDK",
        "repositoryURL": "https://github.com/Mintegral-official/MintegralAdSDK-Swift-Package.git",
        "state": {
          "branch": null,
          "revision": "b483374ae72193a547f97055132ac9d0a3a5cb7f",
          "version": "7.7.9"
        }
      },
      {
        "package": "GoogleMobileAds",
        "repositoryURL": "https://github.com/googleads/swift-package-manager-google-mobile-ads.git",
        "state": {
          "branch": null,
          "revision": "4458cfaeb502801c779dbb7fbd0121d198628f52",
          "version": "13.1.0"
        }
      },
      {
        "package": "GoogleUserMessagingPlatform",
        "repositoryURL": "https://github.com/googleads/swift-package-manager-google-user-messaging-platform.git",
        "state": {
          "branch": null,
          "revision": "13b248eaa73b7826f0efb1bcf455e251d65ecb1b",
          "version": "3.1.0"
        }
      },
      {
        "package": "VungleAdsSDK",
        "repositoryURL": "https://github.com/Vungle/VungleAdsSDK-SwiftPackageManager.git",
        "state": {
          "branch": null,
          "revision": "f38ec7eaf8f84e50c194595620fb3c4e325d2f31",
          "version": "7.7.1"
        }
      }
    ]
  },
  "version": 1
}
